<Solution>
  <Configurations>
    <Platform Name="x64" />
    <Platform Name="x86" />
  </Configurations>
  <Project Path="lab3_kompmeregi/lab3_kompmeregi.vcxproj" Id="2c89234c-9f3e-45e5-a8f5-576cc1ae128f" />
  <Project Path="lab3_kompmeregi_SERVER/lab3_kompmeregi_SERVER.vcxproj" Id="2b46639a-3464-41bb-9156-9411d39671f6" />
</Solution>
