
Microsoft Visual Studio Solution File, Format Version 12.00
# Visual Studio Version 17
VisualStudioVersion = 17.9.34728.123
MinimumVisualStudioVersion = 10.0.40219.1
Project("{8BC9CEB8-8B4A-11D0-8D11-00A0C91BC942}") = "lab1", "lab1\lab1.vcxproj", "{E9FFFB2B-3814-4C60-8D0B-7A9D465CA507}"
EndProject
Global
	GlobalSection(SolutionConfigurationPlatforms) = preSolution
		Debug|x64 = Debug|x64
		Debug|x86 = Debug|x86
		Release|x64 = Release|x64
		Release|x86 = Release|x86
	EndGlobalSection
	GlobalSection(ProjectConfigurationPlatforms) = postSolution
		{E9FFFB2B-3814-4C60-8D0B-7A9D465CA507}.Debug|x64.ActiveCfg = Debug|x64
		{E9FFFB2B-3814-4C60-8D0B-7A9D465CA507}.Debug|x64.Build.0 = Debug|x64
		{E9FFFB2B-3814-4C60-8D0B-7A9D465CA507}.Debug|x86.ActiveCfg = Debug|Win32
		{E9FFFB2B-3814-4C60-8D0B-7A9D465CA507}.Debug|x86.Build.0 = Debug|Win32
		{E9FFFB2B-3814-4C60-8D0B-7A9D465CA507}.Release|x64.ActiveCfg = Release|x64
		{E9FFFB2B-3814-4C60-8D0B-7A9D465CA507}.Release|x64.Build.0 = Release|x64
		{E9FFFB2B-3814-4C60-8D0B-7A9D465CA507}.Release|x86.ActiveCfg = Release|Win32
		{E9FFFB2B-3814-4C60-8D0B-7A9D465CA507}.Release|x86.Build.0 = Release|Win32
	EndGlobalSection
	GlobalSection(SolutionProperties) = preSolution
		HideSolutionNode = FALSE
	EndGlobalSection
	GlobalSection(ExtensibilityGlobals) = postSolution
		SolutionGuid = {D010E8B6-951B-4BEF-B0DF-36E500BE766E}
	EndGlobalSection
EndGlobal
